
Microsoft Visual Studio Solution File, Format Version 12.00
# Visual Studio Version 17
VisualStudioVersion = 17.4.33213.308
MinimumVisualStudioVersion = 10.0.40219.1
Project("{FAE04EC0-301F-11D3-BF4B-00C04F79EFBC}") = "PvZHCardEditor", "PvZHCardEditor.csproj", "{F7791481-83E6-410E-84D7-97FAD54EDBFD}"
EndProject
Global
	GlobalSection(SolutionConfigurationPlatforms) = preSolution
		Debug|Any CPU = Debug|Any CPU
		Release|Any CPU = Release|Any CPU
	EndGlobalSection
	GlobalSection(ProjectConfigurationPlatforms) = postSolution
		{F7791481-83E6-410E-84D7-97FAD54EDBFD}.Debug|Any CPU.ActiveCfg = Debug|Any CPU
		{F7791481-83E6-410E-84D7-97FAD54EDBFD}.Debug|Any CPU.Build.0 = Debug|Any CPU
		{F7791481-83E6-410E-84D7-97FAD54EDBFD}.Release|Any CPU.ActiveCfg = Release|Any CPU
		{F7791481-83E6-410E-84D7-97FAD54EDBFD}.Release|Any CPU.Build.0 = Release|Any CPU
	EndGlobalSection
	GlobalSection(SolutionProperties) = preSolution
		HideSolutionNode = FALSE
	EndGlobalSection
	GlobalSection(ExtensibilityGlobals) = postSolution
		SolutionGuid = {7D8A15D1-49BE-46D8-BF04-C443B0134405}
	EndGlobalSection
EndGlobal
