
Microsoft Visual Studio Solution File, Format Version 12.00
Project("{FAE04EC0-301F-11D3-BF4B-00C04F79EFBC}") = "PvZHCardEditor", "PvZHCardEditor.csproj", "{506EE16C-A48D-43C5-8235-1604B65A28E0}"
EndProject
Global
	GlobalSection(SolutionConfigurationPlatforms) = preSolution
		Debug|Any CPU = Debug|Any CPU
		Release|Any CPU = Release|Any CPU
	EndGlobalSection
	GlobalSection(ProjectConfigurationPlatforms) = postSolution
		{506EE16C-A48D-43C5-8235-1604B65A28E0}.Debug|Any CPU.ActiveCfg = Debug|Any CPU
		{506EE16C-A48D-43C5-8235-1604B65A28E0}.Debug|Any CPU.Build.0 = Debug|Any CPU
		{506EE16C-A48D-43C5-8235-1604B65A28E0}.Release|Any CPU.ActiveCfg = Release|Any CPU
		{506EE16C-A48D-43C5-8235-1604B65A28E0}.Release|Any CPU.Build.0 = Release|Any CPU
	EndGlobalSection
EndGlobal
